// !$*UTF8*$!
{
	archiveVersion = 1;
	classes = {
	};
	objectVersion = 56;
	objects = {

/* Begin PBXBuildFile section */
		810F426E2CED21B100C5FD55 /* AppDelegate.swift in Sources */ = {isa = PBXBuildFile; fileRef = 810F426D2CED21B100C5FD55 /* AppDelegate.swift */; };
		810F42702CED21B100C5FD55 /* SceneDelegate.swift in Sources */ = {isa = PBXBuildFile; fileRef = 810F426F2CED21B100C5FD55 /* SceneDelegate.swift */; };
		810F42722CED21B100C5FD55 /* ViewController.swift in Sources */ = {isa = PBXBuildFile; fileRef = 810F42712CED21B100C5FD55 /* ViewController.swift */; };
		810F42752CED21B100C5FD55 /* Main.storyboard in Resources */ = {isa = PBXBuildFile; fileRef = 810F42732CED21B100C5FD55 /* Main.storyboard */; };
		810F42772CED21B300C5FD55 /* Assets.xcassets in Resources */ = {isa = PBXBuildFile; fileRef = 810F42762CED21B300C5FD55 /* Assets.xcassets */; };
		810F427A2CED21B300C5FD55 /* LaunchScreen.storyboard in Resources */ = {isa = PBXBuildFile; fileRef = 810F42782CED21B300C5FD55 /* LaunchScreen.storyboard */; };
		810F42852CED21B400C5FD55 /* RetirementCalculatorTests.swift in Sources */ = {isa = PBXBuildFile; fileRef = 810F42842CED21B400C5FD55 /* RetirementCalculatorTests.swift */; };
		810F428F2CED21B400C5FD55 /* RetirementCalculatorUITests.swift in Sources */ = {isa = PBXBuildFile; fileRef = 810F428E2CED21B400C5FD55 /* RetirementCalculatorUITests.swift */; };
		810F42912CED21B400C5FD55 /* RetirementCalculatorUITestsLaunchTests.swift in Sources */ = {isa = PBXBuildFile; fileRef = 810F42902CED21B400C5FD55 /* RetirementCalculatorUITestsLaunchTests.swift */; };
/* End PBXBuildFile section */

/* Begin PBXContainerItemProxy section */
		810F42812CED21B400C5FD55 /* PBXContainerItemProxy */ = {
			isa = PBXContainerItemProxy;
			containerPortal = 810F42622CED21B100C5FD55 /* Project object */;
			proxyType = 1;
			remoteGlobalIDString = 810F42692CED21B100C5FD55;
			remoteInfo = RetirementCalculator;
		};
		810F428B2CED21B400C5FD55 /* PBXContainerItemProxy */ = {
			isa = PBXContainerItemProxy;
			containerPortal = 810F42622CED21B100C5FD55 /* Project object */;
			proxyType = 1;
			remoteGlobalIDString = 810F42692CED21B100C5FD55;
			remoteInfo = RetirementCalculator;
		};
/* End PBXContainerItemProxy section */

/* Begin PBXFileReference section */
		810F426A2CED21B100C5FD55 /* RetirementCalculator.app */ = {isa = PBXFileReference; explicitFileType = wrapper.application; includeInIndex = 0; path = RetirementCalculator.app; sourceTree = BUILT_PRODUCTS_DIR; };
		810F426D2CED21B100C5FD55 /* AppDelegate.swift */ = {isa = PBXFileReference; lastKnownFileType = sourcecode.swift; path = AppDelegate.swift; sourceTree = "<group>"; };
		810F426F2CED21B100C5FD55 /* SceneDelegate.swift */ = {isa = PBXFileReference; lastKnownFileType = sourcecode.swift; path = SceneDelegate.swift; sourceTree = "<group>"; };
		810F42712CED21B100C5FD55 /* ViewController.swift */ = {isa = PBXFileReference; lastKnownFileType = sourcecode.swift; path = ViewController.swift; sourceTree = "<group>"; };
		810F42742CED21B100C5FD55 /* Base */ = {isa = PBXFileReference; lastKnownFileType = file.storyboard; name = Base; path = Base.lproj/Main.storyboard; sourceTree = "<group>"; };
		810F42762CED21B300C5FD55 /* Assets.xcassets */ = {isa = PBXFileReference; lastKnownFileType = folder.assetcatalog; path = Assets.xcassets; sourceTree = "<group>"; };
		810F42792CED21B300C5FD55 /* Base */ = {isa = PBXFileReference; lastKnownFileType = file.storyboard; name = Base; path = Base.lproj/LaunchScreen.storyboard; sourceTree = "<group>"; };
		810F427B2CED21B300C5FD55 /* Info.plist */ = {isa = PBXFileReference; lastKnownFileType = text.plist.xml; path = Info.plist; sourceTree = "<group>"; };
		810F42802CED21B400C5FD55 /* RetirementCalculatorTests.xctest */ = {isa = PBXFileReference; explicitFileType = wrapper.cfbundle; includeInIndex = 0; path = RetirementCalculatorTests.xctest; sourceTree = BUILT_PRODUCTS_DIR; };
		810F42842CED21B400C5FD55 /* RetirementCalculatorTests.swift */ = {isa = PBXFileReference; lastKnownFileType = sourcecode.swift; path = RetirementCalculatorTests.swift; sourceTree = "<group>"; };
		810F428A2CED21B400C5FD55 /* RetirementCalculatorUITests.xctest */ = {isa = PBXFileReference; explicitFileType = wrapper.cfbundle; includeInIndex = 0; path = RetirementCalculatorUITests.xctest; sourceTree = BUILT_PRODUCTS_DIR; };
		810F428E2CED21B400C5FD55 /* RetirementCalculatorUITests.swift */ = {isa = PBXFileReference; lastKnownFileType = sourcecode.swift; path = RetirementCalculatorUITests.swift; sourceTree = "<group>"; };
		810F42902CED21B400C5FD55 /* RetirementCalculatorUITestsLaunchTests.swift */ = {isa = PBXFileReference; lastKnownFileType = sourcecode.swift; path = RetirementCalculatorUITestsLaunchTests.swift; sourceTree = "<group>"; };
/* End PBXFileReference section */

/* Begin PBXFrameworksBuildPhase section */
		810F42672CED21B100C5FD55 /* Frameworks */ = {
			isa = PBXFrameworksBuildPhase;
			buildActionMask = 2147483647;
			files = (
			);
			runOnlyForDeploymentPostprocessing = 0;
		};
		810F427D2CED21B400C5FD55 /* Frameworks */ = {
			isa = PBXFrameworksBuildPhase;
			buildActionMask = 2147483647;
			files = (
			);
			runOnlyForDeploymentPostprocessing = 0;
		};
		810F42872CED21B400C5FD55 /* Frameworks */ = {
			isa = PBXFrameworksBuildPhase;
			buildActionMask = 2147483647;
			files = (
			);
			runOnlyForDeploymentPostprocessing = 0;
		};
/* End PBXFrameworksBuildPhase section */

/* Begin PBXGroup section */
		810F42612CED21B100C5FD55 = {
			isa = PBXGroup;
			children = (
				810F426C2CED21B100C5FD55 /* RetirementCalculator */,
				810F42832CED21B400C5FD55 /* RetirementCalculatorTests */,
				810F428D2CED21B400C5FD55 /* RetirementCalculatorUITests */,
				810F426B2CED21B100C5FD55 /* Products */,
			);
			sourceTree = "<group>";
		};
		810F426B2CED21B100C5FD55 /* Products */ = {
			isa = PBXGroup;
			children = (
				810F426A2CED21B100C5FD55 /* RetirementCalculator.app */,
				810F42802CED21B400C5FD55 /* RetirementCalculatorTests.xctest */,
				810F428A2CED21B400C5FD55 /* RetirementCalculatorUITests.xctest */,
			);
			name = Products;
			sourceTree = "<group>";
		};
		810F426C2CED21B100C5FD55 /* RetirementCalculator */ = {
			isa = PBXGroup;
			children = (
				810F426D2CED21B100C5FD55 /* AppDelegate.swift */,
				810F426F2CED21B100C5FD55 /* SceneDelegate.swift */,
				810F42712CED21B100C5FD55 /* ViewController.swift */,
				810F42732CED21B100C5FD55 /* Main.storyboard */,
				810F42762CED21B300C5FD55 /* Assets.xcassets */,
				810F42782CED21B300C5FD55 /* LaunchScreen.storyboard */,
				810F427B2CED21B300C5FD55 /* Info.plist */,
			);
			path = RetirementCalculator;
			sourceTree = "<group>";
		};
		810F42832CED21B400C5FD55 /* RetirementCalculatorTests */ = {
			isa = PBXGroup;
			children = (
				810F42842CED21B400C5FD55 /* RetirementCalculatorTests.swift */,
			);
			path = RetirementCalculatorTests;
			sourceTree = "<group>";
		};
		810F428D2CED21B400C5FD55 /* RetirementCalculatorUITests */ = {
			isa = PBXGroup;
			children = (
				810F428E2CED21B400C5FD55 /* RetirementCalculatorUITests.swift */,
				810F42902CED21B400C5FD55 /* RetirementCalculatorUITestsLaunchTests.swift */,
			);
			path = RetirementCalculatorUITests;
			sourceTree = "<group>";
		};
/* End PBXGroup section */

/* Begin PBXNativeTarget section */
		810F42692CED21B100C5FD55 /* RetirementCalculator */ = {
			isa = PBXNativeTarget;
			buildConfigurationList = 810F42942CED21B400C5FD55 /* Build configuration list for PBXNativeTarget "RetirementCalculator" */;
			buildPhases = (
				810F42662CED21B100C5FD55 /* Sources */,
				810F42672CED21B100C5FD55 /* Frameworks */,
				810F42682CED21B100C5FD55 /* Resources */,
			);
			buildRules = (
			);
			dependencies = (
			);
			name = RetirementCalculator;
			productName = RetirementCalculator;
			productReference = 810F426A2CED21B100C5FD55 /* RetirementCalculator.app */;
			productType = "com.apple.product-type.application";
		};
		810F427F2CED21B400C5FD55 /* RetirementCalculatorTests */ = {
			isa = PBXNativeTarget;
			buildConfigurationList = 810F42972CED21B400C5FD55 /* Build configuration list for PBXNativeTarget "RetirementCalculatorTests" */;
			buildPhases = (
				810F427C2CED21B400C5FD55 /* Sources */,
				810F427D2CED21B400C5FD55 /* Frameworks */,
				810F427E2CED21B400C5FD55 /* Resources */,
			);
			buildRules = (
			);
			dependencies = (
				810F42822CED21B400C5FD55 /* PBXTargetDependency */,
			);
			name = RetirementCalculatorTests;
			productName = RetirementCalculatorTests;
			productReference = 810F42802CED21B400C5FD55 /* RetirementCalculatorTests.xctest */;
			productType = "com.apple.product-type.bundle.unit-test";
		};
		810F42892CED21B400C5FD55 /* RetirementCalculatorUITests */ = {
			isa = PBXNativeTarget;
			buildConfigurationList = 810F429A2CED21B400C5FD55 /* Build configuration list for PBXNativeTarget "RetirementCalculatorUITests" */;
			buildPhases = (
				810F42862CED21B400C5FD55 /* Sources */,
				810F42872CED21B400C5FD55 /* Frameworks */,
				810F42882CED21B400C5FD55 /* Resources */,
			);
			buildRules = (
			);
			dependencies = (
				810F428C2CED21B400C5FD55 /* PBXTargetDependency */,
			);
			name = RetirementCalculatorUITests;
			productName = RetirementCalculatorUITests;
			productReference = 810F428A2CED21B400C5FD55 /* RetirementCalculatorUITests.xctest */;
			productType = "com.apple.product-type.bundle.ui-testing";
		};
/* End PBXNativeTarget section */

/* Begin PBXProject section */
		810F42622CED21B100C5FD55 /* Project object */ = {
			isa = PBXProject;
			attributes = {
				BuildIndependentTargetsInParallel = 1;
				LastSwiftUpdateCheck = 1520;
				LastUpgradeCheck = 1520;
				TargetAttributes = {
					810F42692CED21B100C5FD55 = {
						CreatedOnToolsVersion = 15.2;
					};
					810F427F2CED21B400C5FD55 = {
						CreatedOnToolsVersion = 15.2;
						TestTargetID = 810F42692CED21B100C5FD55;
					};
					810F42892CED21B400C5FD55 = {
						CreatedOnToolsVersion = 15.2;
						TestTargetID = 810F42692CED21B100C5FD55;
					};
				};
			};
			buildConfigurationList = 810F42652CED21B100C5FD55 /* Build configuration list for PBXProject "RetirementCalculator" */;
			compatibilityVersion = "Xcode 14.0";
			developmentRegion = en;
			hasScannedForEncodings = 0;
			knownRegions = (
				en,
				Base,
			);
			mainGroup = 810F42612CED21B100C5FD55;
			productRefGroup = 810F426B2CED21B100C5FD55 /* Products */;
			projectDirPath = "";
			projectRoot = "";
			targets = (
				810F42692CED21B100C5FD55 /* RetirementCalculator */,
				810F427F2CED21B400C5FD55 /* RetirementCalculatorTests */,
				810F42892CED21B400C5FD55 /* RetirementCalculatorUITests */,
			);
		};
/* End PBXProject section */

/* Begin PBXResourcesBuildPhase section */
		810F42682CED21B100C5FD55 /* Resources */ = {
			isa = PBXResourcesBuildPhase;
			buildActionMask = 2147483647;
			files = (
				810F427A2CED21B300C5FD55 /* LaunchScreen.storyboard in Resources */,
				810F42772CED21B300C5FD55 /* Assets.xcassets in Resources */,
				810F42752CED21B100C5FD55 /* Main.storyboard in Resources */,
			);
			runOnlyForDeploymentPostprocessing = 0;
		};
		810F427E2CED21B400C5FD55 /* Resources */ = {
			isa = PBXResourcesBuildPhase;
			buildActionMask = 2147483647;
			files = (
			);
			runOnlyForDeploymentPostprocessing = 0;
		};
		810F42882CED21B400C5FD55 /* Resources */ = {
			isa = PBXResourcesBuildPhase;
			buildActionMask = 2147483647;
			files = (
			);
			runOnlyForDeploymentPostprocessing = 0;
		};
/* End PBXResourcesBuildPhase section */

/* Begin PBXSourcesBuildPhase section */
		810F42662CED21B100C5FD55 /* Sources */ = {
			isa = PBXSourcesBuildPhase;
			buildActionMask = 2147483647;
			files = (
				810F42722CED21B100C5FD55 /* ViewController.swift in Sources */,
				810F426E2CED21B100C5FD55 /* AppDelegate.swift in Sources */,
				810F42702CED21B100C5FD55 /* SceneDelegate.swift in Sources */,
			);
			runOnlyForDeploymentPostprocessing = 0;
		};
		810F427C2CED21B400C5FD55 /* Sources */ = {
			isa = PBXSourcesBuildPhase;
			buildActionMask = 2147483647;
			files = (
				810F42852CED21B400C5FD55 /* RetirementCalculatorTests.swift in Sources */,
			);
			runOnlyForDeploymentPostprocessing = 0;
		};
		810F42862CED21B400C5FD55 /* Sources */ = {
			isa = PBXSourcesBuildPhase;
			buildActionMask = 2147483647;
			files = (
				810F428F2CED21B400C5FD55 /* RetirementCalculatorUITests.swift in Sources */,
				810F42912CED21B400C5FD55 /* RetirementCalculatorUITestsLaunchTests.swift in Sources */,
			);
			runOnlyForDeploymentPostprocessing = 0;
		};
/* End PBXSourcesBuildPhase section */

/* Begin PBXTargetDependency section */
		810F42822CED21B400C5FD55 /* PBXTargetDependency */ = {
			isa = PBXTargetDependency;
			target = 810F42692CED21B100C5FD55 /* RetirementCalculator */;
			targetProxy = 810F42812CED21B400C5FD55 /* PBXContainerItemProxy */;
		};
		810F428C2CED21B400C5FD55 /* PBXTargetDependency */ = {
			isa = PBXTargetDependency;
			target = 810F42692CED21B100C5FD55 /* RetirementCalculator */;
			targetProxy = 810F428B2CED21B400C5FD55 /* PBXContainerItemProxy */;
		};
/* End PBXTargetDependency section */

/* Begin PBXVariantGroup section */
		810F42732CED21B100C5FD55 /* Main.storyboard */ = {
			isa = PBXVariantGroup;
			children = (
				810F42742CED21B100C5FD55 /* Base */,
			);
			name = Main.storyboard;
			sourceTree = "<group>";
		};
		810F42782CED21B300C5FD55 /* LaunchScreen.storyboard */ = {
			isa = PBXVariantGroup;
			children = (
				810F42792CED21B300C5FD55 /* Base */,
			);
			name = LaunchScreen.storyboard;
			sourceTree = "<group>";
		};
/* End PBXVariantGroup section */

/* Begin XCBuildConfiguration section */
		810F42922CED21B400C5FD55 /* Debug */ = {
			isa = XCBuildConfiguration;
			buildSettings = {
				ALWAYS_SEARCH_USER_PATHS = NO;
				ASSETCATALOG_COMPILER_GENERATE_SWIFT_ASSET_SYMBOL_EXTENSIONS = YES;
				CLANG_ANALYZER_NONNULL = YES;
				CLANG_ANALYZER_NUMBER_OBJECT_CONVERSION = YES_AGGRESSIVE;
				CLANG_CXX_LANGUAGE_STANDARD = "gnu++20";
				CLANG_ENABLE_MODULES = YES;
				CLANG_ENABLE_OBJC_ARC = YES;
				CLANG_ENABLE_OBJC_WEAK = YES;
				CLANG_WARN_BLOCK_CAPTURE_AUTORELEASING = YES;
				CLANG_WARN_BOOL_CONVERSION = YES;
				CLANG_WARN_COMMA = YES;
				CLANG_WARN_CONSTANT_CONVERSION = YES;
				CLANG_WARN_DEPRECATED_OBJC_IMPLEMENTATIONS = YES;
				CLANG_WARN_DIRECT_OBJC_ISA_USAGE = YES_ERROR;
				CLANG_WARN_DOCUMENTATION_COMMENTS = YES;
				CLANG_WARN_EMPTY_BODY = YES;
				CLANG_WARN_ENUM_CONVERSION = YES;
				CLANG_WARN_INFINITE_RECURSION = YES;
				CLANG_WARN_INT_CONVERSION = YES;
				CLANG_WARN_NON_LITERAL_NULL_CONVERSION = YES;
				CLANG_WARN_OBJC_IMPLICIT_RETAIN_SELF = YES;
				CLANG_WARN_OBJC_LITERAL_CONVERSION = YES;
				CLANG_WARN_OBJC_ROOT_CLASS = YES_ERROR;
				CLANG_WARN_QUOTED_INCLUDE_IN_FRAMEWORK_HEADER = YES;
				CLANG_WARN_RANGE_LOOP_ANALYSIS = YES;
				CLANG_WARN_STRICT_PROTOTYPES = YES;
				CLANG_WARN_SUSPICIOUS_MOVE = YES;
				CLANG_WARN_UNGUARDED_AVAILABILITY = YES_AGGRESSIVE;
				CLANG_WARN_UNREACHABLE_CODE = YES;
				CLANG_WARN__DUPLICATE_METHOD_MATCH = YES;
				COPY_PHASE_STRIP = NO;
				DEBUG_INFORMATION_FORMAT = dwarf;
				ENABLE_STRICT_OBJC_MSGSEND = YES;
				ENABLE_TESTABILITY = YES;
				ENABLE_USER_SCRIPT_SANDBOXING = YES;
				GCC_C_LANGUAGE_STANDARD = gnu17;
				GCC_DYNAMIC_NO_PIC = NO;
				GCC_NO_COMMON_BLOCKS = YES;
				GCC_OPTIMIZATION_LEVEL = 0;
				GCC_PREPROCESSOR_DEFINITIONS = (
					"DEBUG=1",
					"$(inherited)",
				);
				GCC_WARN_64_TO_32_BIT_CONVERSION = YES;
				GCC_WARN_ABOUT_RETURN_TYPE = YES_ERROR;
				GCC_WARN_UNDECLARED_SELECTOR = YES;
				GCC_WARN_UNINITIALIZED_AUTOS = YES_AGGRESSIVE;
				GCC_WARN_UNUSED_FUNCTION = YES;
				GCC_WARN_UNUSED_VARIABLE = YES;
				IPHONEOS_DEPLOYMENT_TARGET = 17.2;
				LOCALIZATION_PREFERS_STRING_CATALOGS = YES;
				MTL_ENABLE_DEBUG_INFO = INCLUDE_SOURCE;
				MTL_FAST_MATH = YES;
				ONLY_ACTIVE_ARCH = YES;
				SDKROOT = iphoneos;
				SWIFT_ACTIVE_COMPILATION_CONDITIONS = "DEBUG $(inherited)";
				SWIFT_OPTIMIZATION_LEVEL = "-Onone";
			};
			name = Debug;
		};
		810F42932CED21B400C5FD55 /* Release */ = {
			isa = XCBuildConfiguration;
			buildSettings = {
				ALWAYS_SEARCH_USER_PATHS = NO;
				ASSETCATALOG_COMPILER_GENERATE_SWIFT_ASSET_SYMBOL_EXTENSIONS = YES;
				CLANG_ANALYZER_NONNULL = YES;
				CLANG_ANALYZER_NUMBER_OBJECT_CONVERSION = YES_AGGRESSIVE;
				CLANG_CXX_LANGUAGE_STANDARD = "gnu++20";
				CLANG_ENABLE_MODULES = YES;
				CLANG_ENABLE_OBJC_ARC = YES;
				CLANG_ENABLE_OBJC_WEAK = YES;
				CLANG_WARN_BLOCK_CAPTURE_AUTORELEASING = YES;
				CLANG_WARN_BOOL_CONVERSION = YES;
				CLANG_WARN_COMMA = YES;
				CLANG_WARN_CONSTANT_CONVERSION = YES;
				CLANG_WARN_DEPRECATED_OBJC_IMPLEMENTATIONS = YES;
				CLANG_WARN_DIRECT_OBJC_ISA_USAGE = YES_ERROR;
				CLANG_WARN_DOCUMENTATION_COMMENTS = YES;
				CLANG_WARN_EMPTY_BODY = YES;
				CLANG_WARN_ENUM_CONVERSION = YES;
				CLANG_WARN_INFINITE_RECURSION = YES;
				CLANG_WARN_INT_CONVERSION = YES;
				CLANG_WARN_NON_LITERAL_NULL_CONVERSION = YES;
				CLANG_WARN_OBJC_IMPLICIT_RETAIN_SELF = YES;
				CLANG_WARN_OBJC_LITERAL_CONVERSION = YES;
				CLANG_WARN_OBJC_ROOT_CLASS = YES_ERROR;
				CLANG_WARN_QUOTED_INCLUDE_IN_FRAMEWORK_HEADER = YES;
				CLANG_WARN_RANGE_LOOP_ANALYSIS = YES;
				CLANG_WARN_STRICT_PROTOTYPES = YES;
				CLANG_WARN_SUSPICIOUS_MOVE = YES;
				CLANG_WARN_UNGUARDED_AVAILABILITY = YES_AGGRESSIVE;
				CLANG_WARN_UNREACHABLE_CODE = YES;
				CLANG_WARN__DUPLICATE_METHOD_MATCH = YES;
				COPY_PHASE_STRIP = NO;
				DEBUG_INFORMATION_FORMAT = "dwarf-with-dsym";
				ENABLE_NS_ASSERTIONS = NO;
				ENABLE_STRICT_OBJC_MSGSEND = YES;
				ENABLE_USER_SCRIPT_SANDBOXING = YES;
				GCC_C_LANGUAGE_STANDARD = gnu17;
				GCC_NO_COMMON_BLOCKS = YES;
				GCC_WARN_64_TO_32_BIT_CONVERSION = YES;
				GCC_WARN_ABOUT_RETURN_TYPE = YES_ERROR;
				GCC_WARN_UNDECLARED_SELECTOR = YES;
				GCC_WARN_UNINITIALIZED_AUTOS = YES_AGGRESSIVE;
				GCC_WARN_UNUSED_FUNCTION = YES;
				GCC_WARN_UNUSED_VARIABLE = YES;
				IPHONEOS_DEPLOYMENT_TARGET = 17.2;
				LOCALIZATION_PREFERS_STRING_CATALOGS = YES;
				MTL_ENABLE_DEBUG_INFO = NO;
				MTL_FAST_MATH = YES;
				SDKROOT = iphoneos;
				SWIFT_COMPILATION_MODE = wholemodule;
				VALIDATE_PRODUCT = YES;
			};
			name = Release;
		};
		810F42952CED21B400C5FD55 /* Debug */ = {
			isa = XCBuildConfiguration;
			buildSettings = {
				ASSETCATALOG_COMPILER_APPICON_NAME = AppIcon;
				ASSETCATALOG_COMPILER_GLOBAL_ACCENT_COLOR_NAME = AccentColor;
				CODE_SIGN_STYLE = Automatic;
				CURRENT_PROJECT_VERSION = 1;
				GENERATE_INFOPLIST_FILE = YES;
				INFOPLIST_FILE = RetirementCalculator/Info.plist;
				INFOPLIST_KEY_UIApplicationSupportsIndirectInputEvents = YES;
				INFOPLIST_KEY_UILaunchStoryboardName = LaunchScreen;
				INFOPLIST_KEY_UIMainStoryboardFile = Main;
				INFOPLIST_KEY_UISupportedInterfaceOrientations_iPad = "UIInterfaceOrientationPortrait UIInterfaceOrientationPortraitUpsideDown UIInterfaceOrientationLandscapeLeft UIInterfaceOrientationLandscapeRight";
				INFOPLIST_KEY_UISupportedInterfaceOrientations_iPhone = "UIInterfaceOrientationPortrait UIInterfaceOrientationLandscapeLeft UIInterfaceOrientationLandscapeRight";
				LD_RUNPATH_SEARCH_PATHS = (
					"$(inherited)",
					"@executable_path/Frameworks",
				);
				MARKETING_VERSION = 1.0;
				PRODUCT_BUNDLE_IDENTIFIER = JBL.RetirementCalculator;
				PRODUCT_NAME = "$(TARGET_NAME)";
				SWIFT_EMIT_LOC_STRINGS = YES;
				SWIFT_VERSION = 5.0;
				TARGETED_DEVICE_FAMILY = "1,2";
			};
			name = Debug;
		};
		810F42962CED21B400C5FD55 /* Release */ = {
			isa = XCBuildConfiguration;
			buildSettings = {
				ASSETCATALOG_COMPILER_APPICON_NAME = AppIcon;
				ASSETCATALOG_COMPILER_GLOBAL_ACCENT_COLOR_NAME = AccentColor;
				CODE_SIGN_STYLE = Automatic;
				CURRENT_PROJECT_VERSION = 1;
				GENERATE_INFOPLIST_FILE = YES;
				INFOPLIST_FILE = RetirementCalculator/Info.plist;
				INFOPLIST_KEY_UIApplicationSupportsIndirectInputEvents = YES;
				INFOPLIST_KEY_UILaunchStoryboardName = LaunchScreen;
				INFOPLIST_KEY_UIMainStoryboardFile = Main;
				INFOPLIST_KEY_UISupportedInterfaceOrientations_iPad = "UIInterfaceOrientationPortrait UIInterfaceOrientationPortraitUpsideDown UIInterfaceOrientationLandscapeLeft UIInterfaceOrientationLandscapeRight";
				INFOPLIST_KEY_UISupportedInterfaceOrientations_iPhone = "UIInterfaceOrientationPortrait UIInterfaceOrientationLandscapeLeft UIInterfaceOrientationLandscapeRight";
				LD_RUNPATH_SEARCH_PATHS = (
					"$(inherited)",
					"@executable_path/Frameworks",
				);
				MARKETING_VERSION = 1.0;
				PRODUCT_BUNDLE_IDENTIFIER = JBL.RetirementCalculator;
				PRODUCT_NAME = "$(TARGET_NAME)";
				SWIFT_EMIT_LOC_STRINGS = YES;
				SWIFT_VERSION = 5.0;
				TARGETED_DEVICE_FAMILY = "1,2";
			};
			name = Release;
		};
		810F42982CED21B400C5FD55 /* Debug */ = {
			isa = XCBuildConfiguration;
			buildSettings = {
				ALWAYS_EMBED_SWIFT_STANDARD_LIBRARIES = YES;
				BUNDLE_LOADER = "$(TEST_HOST)";
				CODE_SIGN_STYLE = Automatic;
				CURRENT_PROJECT_VERSION = 1;
				GENERATE_INFOPLIST_FILE = YES;
				IPHONEOS_DEPLOYMENT_TARGET = 17.2;
				MARKETING_VERSION = 1.0;
				PRODUCT_BUNDLE_IDENTIFIER = JBL.RetirementCalculatorTests;
				PRODUCT_NAME = "$(TARGET_NAME)";
				SWIFT_EMIT_LOC_STRINGS = NO;
				SWIFT_VERSION = 5.0;
				TARGETED_DEVICE_FAMILY = "1,2";
				TEST_HOST = "$(BUILT_PRODUCTS_DIR)/RetirementCalculator.app/$(BUNDLE_EXECUTABLE_FOLDER_PATH)/RetirementCalculator";
			};
			name = Debug;
		};
		810F42992CED21B400C5FD55 /* Release */ = {
			isa = XCBuildConfiguration;
			buildSettings = {
				ALWAYS_EMBED_SWIFT_STANDARD_LIBRARIES = YES;
				BUNDLE_LOADER = "$(TEST_HOST)";
				CODE_SIGN_STYLE = Automatic;
				CURRENT_PROJECT_VERSION = 1;
				GENERATE_INFOPLIST_FILE = YES;
				IPHONEOS_DEPLOYMENT_TARGET = 17.2;
				MARKETING_VERSION = 1.0;
				PRODUCT_BUNDLE_IDENTIFIER = JBL.RetirementCalculatorTests;
				PRODUCT_NAME = "$(TARGET_NAME)";
				SWIFT_EMIT_LOC_STRINGS = NO;
				SWIFT_VERSION = 5.0;
				TARGETED_DEVICE_FAMILY = "1,2";
				TEST_HOST = "$(BUILT_PRODUCTS_DIR)/RetirementCalculator.app/$(BUNDLE_EXECUTABLE_FOLDER_PATH)/RetirementCalculator";
			};
			name = Release;
		};
		810F429B2CED21B400C5FD55 /* Debug */ = {
			isa = XCBuildConfiguration;
			buildSettings = {
				ALWAYS_EMBED_SWIFT_STANDARD_LIBRARIES = YES;
				CODE_SIGN_STYLE = Automatic;
				CURRENT_PROJECT_VERSION = 1;
				GENERATE_INFOPLIST_FILE = YES;
				MARKETING_VERSION = 1.0;
				PRODUCT_BUNDLE_IDENTIFIER = JBL.RetirementCalculatorUITests;
				PRODUCT_NAME = "$(TARGET_NAME)";
				SWIFT_EMIT_LOC_STRINGS = NO;
				SWIFT_VERSION = 5.0;
				TARGETED_DEVICE_FAMILY = "1,2";
				TEST_TARGET_NAME = RetirementCalculator;
			};
			name = Debug;
		};
		810F429C2CED21B400C5FD55 /* Release */ = {
			isa = XCBuildConfiguration;
			buildSettings = {
				ALWAYS_EMBED_SWIFT_STANDARD_LIBRARIES = YES;
				CODE_SIGN_STYLE = Automatic;
				CURRENT_PROJECT_VERSION = 1;
				GENERATE_INFOPLIST_FILE = YES;
				MARKETING_VERSION = 1.0;
				PRODUCT_BUNDLE_IDENTIFIER = JBL.RetirementCalculatorUITests;
				PRODUCT_NAME = "$(TARGET_NAME)";
				SWIFT_EMIT_LOC_STRINGS = NO;
				SWIFT_VERSION = 5.0;
				TARGETED_DEVICE_FAMILY = "1,2";
				TEST_TARGET_NAME = RetirementCalculator;
			};
			name = Release;
		};
/* End XCBuildConfiguration section */

/* Begin XCConfigurationList section */
		810F42652CED21B100C5FD55 /* Build configuration list for PBXProject "RetirementCalculator" */ = {
			isa = XCConfigurationList;
			buildConfigurations = (
				810F42922CED21B400C5FD55 /* Debug */,
				810F42932CED21B400C5FD55 /* Release */,
			);
			defaultConfigurationIsVisible = 0;
			defaultConfigurationName = Release;
		};
		810F42942CED21B400C5FD55 /* Build configuration list for PBXNativeTarget "RetirementCalculator" */ = {
			isa = XCConfigurationList;
			buildConfigurations = (
				810F42952CED21B400C5FD55 /* Debug */,
				810F42962CED21B400C5FD55 /* Release */,
			);
			defaultConfigurationIsVisible = 0;
			defaultConfigurationName = Release;
		};
		810F42972CED21B400C5FD55 /* Build configuration list for PBXNativeTarget "RetirementCalculatorTests" */ = {
			isa = XCConfigurationList;
			buildConfigurations = (
				810F42982CED21B400C5FD55 /* Debug */,
				810F42992CED21B400C5FD55 /* Release */,
			);
			defaultConfigurationIsVisible = 0;
			defaultConfigurationName = Release;
		};
		810F429A2CED21B400C5FD55 /* Build configuration list for PBXNativeTarget "RetirementCalculatorUITests" */ = {
			isa = XCConfigurationList;
			buildConfigurations = (
				810F429B2CED21B400C5FD55 /* Debug */,
				810F429C2CED21B400C5FD55 /* Release */,
			);
			defaultConfigurationIsVisible = 0;
			defaultConfigurationName = Release;
		};
/* End XCConfigurationList section */
	};
	rootObject = 810F42622CED21B100C5FD55 /* Project object */;
}
